// !$*UTF8*$!
{
	archiveVersion = 1;
	classes = {
	};
	objectVersion = 46;
	objects = {

/* Begin PBXBuildFile section */
		60816C871AF4761B00E709C9 /* main.m in Sources */ = {isa = PBXBuildFile; fileRef = 60816C861AF4761B00E709C9 /* main.m */; };
		60816C8A1AF4761B00E709C9 /* AppDelegate.m in Sources */ = {isa = PBXBuildFile; fileRef = 60816C891AF4761B00E709C9 /* AppDelegate.m */; };
		60816C8D1AF4761B00E709C9 /* ViewController.m in Sources */ = {isa = PBXBuildFile; fileRef = 60816C8C1AF4761B00E709C9 /* ViewController.m */; };
		60816C901AF4761B00E709C9 /* Main.storyboard in Resources */ = {isa = PBXBuildFile; fileRef = 60816C8E1AF4761B00E709C9 /* Main.storyboard */; };
		60816C921AF4761B00E709C9 /* Images.xcassets in Resources */ = {isa = PBXBuildFile; fileRef = 60816C911AF4761B00E709C9 /* Images.xcassets */; };
		60816C951AF4761B00E709C9 /* LaunchScreen.xib in Resources */ = {isa = PBXBuildFile; fileRef = 60816C931AF4761B00E709C9 /* LaunchScreen.xib */; };
		60816CA11AF4761C00E709C9 /* imhereTests.m in Sources */ = {isa = PBXBuildFile; fileRef = 60816CA01AF4761C00E709C9 /* imhereTests.m */; };
		60816CAD1AF47B4A00E709C9 /* IMHLocationManager.m in Sources */ = {isa = PBXBuildFile; fileRef = 60816CAC1AF47B4A00E709C9 /* IMHLocationManager.m */; };
		60816CB21AF4849D00E709C9 /* IMHSendViewController.m in Sources */ = {isa = PBXBuildFile; fileRef = 60816CB11AF4849D00E709C9 /* IMHSendViewController.m */; };
		60816CB51AF498E600E709C9 /* IMHHomeViewController.m in Sources */ = {isa = PBXBuildFile; fileRef = 60816CB41AF498E600E709C9 /* IMHHomeViewController.m */; };
		60816CBB1AF4992A00E709C9 /* IMHLocationPickerViewController.m in Sources */ = {isa = PBXBuildFile; fileRef = 60816CBA1AF4992A00E709C9 /* IMHLocationPickerViewController.m */; };
		60816CBE1AF499A100E709C9 /* IMHMessageViewController.m in Sources */ = {isa = PBXBuildFile; fileRef = 60816CBD1AF499A100E709C9 /* IMHMessageViewController.m */; };
		60816CC21AF49BB700E709C9 /* IMHConnectionManager.m in Sources */ = {isa = PBXBuildFile; fileRef = 60816CC11AF49BB700E709C9 /* IMHConnectionManager.m */; };
		60816CC51AF49E0900E709C9 /* IMHSettingsViewController.m in Sources */ = {isa = PBXBuildFile; fileRef = 60816CC41AF49E0900E709C9 /* IMHSettingsViewController.m */; };
		60816CC91AF4B15800E709C9 /* IMHDatabaseManager.m in Sources */ = {isa = PBXBuildFile; fileRef = 60816CC81AF4B15800E709C9 /* IMHDatabaseManager.m */; };
		60816CCC1AF4BC9900E709C9 /* IMHNote.m in Sources */ = {isa = PBXBuildFile; fileRef = 60816CCB1AF4BC9900E709C9 /* IMHNote.m */; };
		60816CCF1AF4BCAA00E709C9 /* IMHReply.m in Sources */ = {isa = PBXBuildFile; fileRef = 60816CCE1AF4BCAA00E709C9 /* IMHReply.m */; };
		60816CD21AF4BCFE00E709C9 /* IMHFeed.m in Sources */ = {isa = PBXBuildFile; fileRef = 60816CD11AF4BCFE00E709C9 /* IMHFeed.m */; };
		60816CD51AF4BF8A00E709C9 /* IMHLocationPing.m in Sources */ = {isa = PBXBuildFile; fileRef = 60816CD41AF4BF8A00E709C9 /* IMHLocationPing.m */; };
		60816CD71AF4C97300E709C9 /* CoreLocation.framework in Frameworks */ = {isa = PBXBuildFile; fileRef = 60816CD61AF4C97300E709C9 /* CoreLocation.framework */; };
		60816CDA1AF4CB6B00E709C9 /* IMHLocation.m in Sources */ = {isa = PBXBuildFile; fileRef = 60816CD91AF4CB6B00E709C9 /* IMHLocation.m */; };
		60816CDE1AF4D14E00E709C9 /* JSONValueTransformer+IMHCustomDataTransformer.m in Sources */ = {isa = PBXBuildFile; fileRef = 60816CDD1AF4D14E00E709C9 /* JSONValueTransformer+IMHCustomDataTransformer.m */; };
		60816CE11AF4D33C00E709C9 /* IMHUserDefaultsManager.m in Sources */ = {isa = PBXBuildFile; fileRef = 60816CE01AF4D33C00E709C9 /* IMHUserDefaultsManager.m */; };
		60816CE41AF4E02100E709C9 /* IMHKeyboardToolbar.m in Sources */ = {isa = PBXBuildFile; fileRef = 60816CE31AF4E02100E709C9 /* IMHKeyboardToolbar.m */; };
		60816CE71AF4E4D400E709C9 /* IMHTextView.m in Sources */ = {isa = PBXBuildFile; fileRef = 60816CE61AF4E4D400E709C9 /* IMHTextView.m */; };
		60816CEA1AF4EC0A00E709C9 /* IMHLocationTableViewCell.m in Sources */ = {isa = PBXBuildFile; fileRef = 60816CE91AF4EC0A00E709C9 /* IMHLocationTableViewCell.m */; };
		60816CEE1AF4F3A300E709C9 /* AddressBookUI.framework in Frameworks */ = {isa = PBXBuildFile; fileRef = 60816CED1AF4F3A300E709C9 /* AddressBookUI.framework */; };
		60816CF11AF501AC00E709C9 /* IMHNoteFeedTableViewCell.m in Sources */ = {isa = PBXBuildFile; fileRef = 60816CF01AF501AC00E709C9 /* IMHNoteFeedTableViewCell.m */; };
		60816CF41AF503AA00E709C9 /* UITableViewCell+DynamicCellHeight.m in Sources */ = {isa = PBXBuildFile; fileRef = 60816CF31AF503AA00E709C9 /* UITableViewCell+DynamicCellHeight.m */; };
		CD9563E82AE1733B06706638 /* libPods-imhere.a in Frameworks */ = {isa = PBXBuildFile; fileRef = BA1BF377E1CE04DF1947B165 /* libPods-imhere.a */; };
/* End PBXBuildFile section */

/* Begin PBXContainerItemProxy section */
		60816C9B1AF4761C00E709C9 /* PBXContainerItemProxy */ = {
			isa = PBXContainerItemProxy;
			containerPortal = 60816C791AF4761B00E709C9 /* Project object */;
			proxyType = 1;
			remoteGlobalIDString = 60816C801AF4761B00E709C9;
			remoteInfo = imhere;
		};
/* End PBXContainerItemProxy section */

/* Begin PBXFileReference section */
		46E42CD8D4875211B2117105 /* Pods-imhere.release.xcconfig */ = {isa = PBXFileReference; includeInIndex = 1; lastKnownFileType = text.xcconfig; name = "Pods-imhere.release.xcconfig"; path = "Pods/Target Support Files/Pods-imhere/Pods-imhere.release.xcconfig"; sourceTree = "<group>"; };
		60816C811AF4761B00E709C9 /* imhere.app */ = {isa = PBXFileReference; explicitFileType = wrapper.application; includeInIndex = 0; path = imhere.app; sourceTree = BUILT_PRODUCTS_DIR; };
		60816C851AF4761B00E709C9 /* Info.plist */ = {isa = PBXFileReference; lastKnownFileType = text.plist.xml; path = Info.plist; sourceTree = "<group>"; };
		60816C861AF4761B00E709C9 /* main.m */ = {isa = PBXFileReference; lastKnownFileType = sourcecode.c.objc; path = main.m; sourceTree = "<group>"; };
		60816C881AF4761B00E709C9 /* AppDelegate.h */ = {isa = PBXFileReference; lastKnownFileType = sourcecode.c.h; path = AppDelegate.h; sourceTree = "<group>"; };
		60816C891AF4761B00E709C9 /* AppDelegate.m */ = {isa = PBXFileReference; lastKnownFileType = sourcecode.c.objc; path = AppDelegate.m; sourceTree = "<group>"; };
		60816C8B1AF4761B00E709C9 /* ViewController.h */ = {isa = PBXFileReference; lastKnownFileType = sourcecode.c.h; path = ViewController.h; sourceTree = "<group>"; };
		60816C8C1AF4761B00E709C9 /* ViewController.m */ = {isa = PBXFileReference; lastKnownFileType = sourcecode.c.objc; path = ViewController.m; sourceTree = "<group>"; };
		60816C8F1AF4761B00E709C9 /* Base */ = {isa = PBXFileReference; lastKnownFileType = file.storyboard; name = Base; path = Base.lproj/Main.storyboard; sourceTree = "<group>"; };
		60816C911AF4761B00E709C9 /* Images.xcassets */ = {isa = PBXFileReference; lastKnownFileType = folder.assetcatalog; path = Images.xcassets; sourceTree = "<group>"; };
		60816C941AF4761B00E709C9 /* Base */ = {isa = PBXFileReference; lastKnownFileType = file.xib; name = Base; path = Base.lproj/LaunchScreen.xib; sourceTree = "<group>"; };
		60816C9A1AF4761C00E709C9 /* imhereTests.xctest */ = {isa = PBXFileReference; explicitFileType = wrapper.cfbundle; includeInIndex = 0; path = imhereTests.xctest; sourceTree = BUILT_PRODUCTS_DIR; };
		60816C9F1AF4761C00E709C9 /* Info.plist */ = {isa = PBXFileReference; lastKnownFileType = text.plist.xml; path = Info.plist; sourceTree = "<group>"; };
		60816CA01AF4761C00E709C9 /* imhereTests.m */ = {isa = PBXFileReference; lastKnownFileType = sourcecode.c.objc; path = imhereTests.m; sourceTree = "<group>"; };
		60816CAB1AF47B4A00E709C9 /* IMHLocationManager.h */ = {isa = PBXFileReference; fileEncoding = 4; lastKnownFileType = sourcecode.c.h; name = IMHLocationManager.h; path = Managers/IMHLocationManager.h; sourceTree = "<group>"; };
		60816CAC1AF47B4A00E709C9 /* IMHLocationManager.m */ = {isa = PBXFileReference; fileEncoding = 4; lastKnownFileType = sourcecode.c.objc; name = IMHLocationManager.m; path = Managers/IMHLocationManager.m; sourceTree = "<group>"; };
		60816CB01AF4849D00E709C9 /* IMHSendViewController.h */ = {isa = PBXFileReference; fileEncoding = 4; lastKnownFileType = sourcecode.c.h; name = IMHSendViewController.h; path = ViewControllers/IMHSendViewController.h; sourceTree = "<group>"; };
		60816CB11AF4849D00E709C9 /* IMHSendViewController.m */ = {isa = PBXFileReference; fileEncoding = 4; lastKnownFileType = sourcecode.c.objc; name = IMHSendViewController.m; path = ViewControllers/IMHSendViewController.m; sourceTree = "<group>"; };
		60816CB31AF498E600E709C9 /* IMHHomeViewController.h */ = {isa = PBXFileReference; fileEncoding = 4; lastKnownFileType = sourcecode.c.h; name = IMHHomeViewController.h; path = ViewControllers/IMHHomeViewController.h; sourceTree = "<group>"; };
		60816CB41AF498E600E709C9 /* IMHHomeViewController.m */ = {isa = PBXFileReference; fileEncoding = 4; lastKnownFileType = sourcecode.c.objc; name = IMHHomeViewController.m; path = ViewControllers/IMHHomeViewController.m; sourceTree = "<group>"; };
		60816CB91AF4992A00E709C9 /* IMHLocationPickerViewController.h */ = {isa = PBXFileReference; fileEncoding = 4; lastKnownFileType = sourcecode.c.h; name = IMHLocationPickerViewController.h; path = ViewControllers/IMHLocationPickerViewController.h; sourceTree = "<group>"; };
		60816CBA1AF4992A00E709C9 /* IMHLocationPickerViewController.m */ = {isa = PBXFileReference; fileEncoding = 4; lastKnownFileType = sourcecode.c.objc; name = IMHLocationPickerViewController.m; path = ViewControllers/IMHLocationPickerViewController.m; sourceTree = "<group>"; };
		60816CBC1AF499A100E709C9 /* IMHMessageViewController.h */ = {isa = PBXFileReference; fileEncoding = 4; lastKnownFileType = sourcecode.c.h; name = IMHMessageViewController.h; path = ViewControllers/IMHMessageViewController.h; sourceTree = "<group>"; };
		60816CBD1AF499A100E709C9 /* IMHMessageViewController.m */ = {isa = PBXFileReference; fileEncoding = 4; lastKnownFileType = sourcecode.c.objc; name = IMHMessageViewController.m; path = ViewControllers/IMHMessageViewController.m; sourceTree = "<group>"; };
		60816CC01AF49BB700E709C9 /* IMHConnectionManager.h */ = {isa = PBXFileReference; fileEncoding = 4; lastKnownFileType = sourcecode.c.h; name = IMHConnectionManager.h; path = Managers/IMHConnectionManager.h; sourceTree = "<group>"; };
		60816CC11AF49BB700E709C9 /* IMHConnectionManager.m */ = {isa = PBXFileReference; fileEncoding = 4; lastKnownFileType = sourcecode.c.objc; name = IMHConnectionManager.m; path = Managers/IMHConnectionManager.m; sourceTree = "<group>"; };
		60816CC31AF49E0900E709C9 /* IMHSettingsViewController.h */ = {isa = PBXFileReference; fileEncoding = 4; lastKnownFileType = sourcecode.c.h; name = IMHSettingsViewController.h; path = ViewControllers/IMHSettingsViewController.h; sourceTree = "<group>"; };
		60816CC41AF49E0900E709C9 /* IMHSettingsViewController.m */ = {isa = PBXFileReference; fileEncoding = 4; lastKnownFileType = sourcecode.c.objc; name = IMHSettingsViewController.m; path = ViewControllers/IMHSettingsViewController.m; sourceTree = "<group>"; };
		60816CC61AF4A2C100E709C9 /* IMHConstants.h */ = {isa = PBXFileReference; lastKnownFileType = sourcecode.c.h; path = IMHConstants.h; sourceTree = "<group>"; };
		60816CC71AF4B15800E709C9 /* IMHDatabaseManager.h */ = {isa = PBXFileReference; fileEncoding = 4; lastKnownFileType = sourcecode.c.h; name = IMHDatabaseManager.h; path = Managers/IMHDatabaseManager.h; sourceTree = "<group>"; };
		60816CC81AF4B15800E709C9 /* IMHDatabaseManager.m */ = {isa = PBXFileReference; fileEncoding = 4; lastKnownFileType = sourcecode.c.objc; name = IMHDatabaseManager.m; path = Managers/IMHDatabaseManager.m; sourceTree = "<group>"; };
		60816CCA1AF4BC9900E709C9 /* IMHNote.h */ = {isa = PBXFileReference; fileEncoding = 4; lastKnownFileType = sourcecode.c.h; name = IMHNote.h; path = Models/IMHNote.h; sourceTree = "<group>"; };
		60816CCB1AF4BC9900E709C9 /* IMHNote.m */ = {isa = PBXFileReference; fileEncoding = 4; lastKnownFileType = sourcecode.c.objc; name = IMHNote.m; path = Models/IMHNote.m; sourceTree = "<group>"; };
		60816CCD1AF4BCAA00E709C9 /* IMHReply.h */ = {isa = PBXFileReference; fileEncoding = 4; lastKnownFileType = sourcecode.c.h; name = IMHReply.h; path = Models/IMHReply.h; sourceTree = "<group>"; };
		60816CCE1AF4BCAA00E709C9 /* IMHReply.m */ = {isa = PBXFileReference; fileEncoding = 4; lastKnownFileType = sourcecode.c.objc; name = IMHReply.m; path = Models/IMHReply.m; sourceTree = "<group>"; };
		60816CD01AF4BCFE00E709C9 /* IMHFeed.h */ = {isa = PBXFileReference; fileEncoding = 4; lastKnownFileType = sourcecode.c.h; name = IMHFeed.h; path = Models/IMHFeed.h; sourceTree = "<group>"; };
		60816CD11AF4BCFE00E709C9 /* IMHFeed.m */ = {isa = PBXFileReference; fileEncoding = 4; lastKnownFileType = sourcecode.c.objc; name = IMHFeed.m; path = Models/IMHFeed.m; sourceTree = "<group>"; };
		60816CD31AF4BF8A00E709C9 /* IMHLocationPing.h */ = {isa = PBXFileReference; fileEncoding = 4; lastKnownFileType = sourcecode.c.h; name = IMHLocationPing.h; path = Models/IMHLocationPing.h; sourceTree = "<group>"; };
		60816CD41AF4BF8A00E709C9 /* IMHLocationPing.m */ = {isa = PBXFileReference; fileEncoding = 4; lastKnownFileType = sourcecode.c.objc; name = IMHLocationPing.m; path = Models/IMHLocationPing.m; sourceTree = "<group>"; };
		60816CD61AF4C97300E709C9 /* CoreLocation.framework */ = {isa = PBXFileReference; lastKnownFileType = wrapper.framework; name = CoreLocation.framework; path = System/Library/Frameworks/CoreLocation.framework; sourceTree = SDKROOT; };
		60816CD81AF4CB6B00E709C9 /* IMHLocation.h */ = {isa = PBXFileReference; fileEncoding = 4; lastKnownFileType = sourcecode.c.h; name = IMHLocation.h; path = Models/IMHLocation.h; sourceTree = "<group>"; };
		60816CD91AF4CB6B00E709C9 /* IMHLocation.m */ = {isa = PBXFileReference; fileEncoding = 4; lastKnownFileType = sourcecode.c.objc; name = IMHLocation.m; path = Models/IMHLocation.m; sourceTree = "<group>"; };
		60816CDC1AF4D14E00E709C9 /* JSONValueTransformer+IMHCustomDataTransformer.h */ = {isa = PBXFileReference; fileEncoding = 4; lastKnownFileType = sourcecode.c.h; name = "JSONValueTransformer+IMHCustomDataTransformer.h"; path = "3rdParty/JSONValueTransformer+IMHCustomDataTransformer.h"; sourceTree = "<group>"; };
		60816CDD1AF4D14E00E709C9 /* JSONValueTransformer+IMHCustomDataTransformer.m */ = {isa = PBXFileReference; fileEncoding = 4; lastKnownFileType = sourcecode.c.objc; name = "JSONValueTransformer+IMHCustomDataTransformer.m"; path = "3rdParty/JSONValueTransformer+IMHCustomDataTransformer.m"; sourceTree = "<group>"; };
		60816CDF1AF4D33C00E709C9 /* IMHUserDefaultsManager.h */ = {isa = PBXFileReference; fileEncoding = 4; lastKnownFileType = sourcecode.c.h; name = IMHUserDefaultsManager.h; path = Managers/IMHUserDefaultsManager.h; sourceTree = "<group>"; };
		60816CE01AF4D33C00E709C9 /* IMHUserDefaultsManager.m */ = {isa = PBXFileReference; fileEncoding = 4; lastKnownFileType = sourcecode.c.objc; name = IMHUserDefaultsManager.m; path = Managers/IMHUserDefaultsManager.m; sourceTree = "<group>"; };
		60816CE21AF4E02100E709C9 /* IMHKeyboardToolbar.h */ = {isa = PBXFileReference; fileEncoding = 4; lastKnownFileType = sourcecode.c.h; name = IMHKeyboardToolbar.h; path = Views/IMHKeyboardToolbar.h; sourceTree = "<group>"; };
		60816CE31AF4E02100E709C9 /* IMHKeyboardToolbar.m */ = {isa = PBXFileReference; fileEncoding = 4; lastKnownFileType = sourcecode.c.objc; name = IMHKeyboardToolbar.m; path = Views/IMHKeyboardToolbar.m; sourceTree = "<group>"; };
		60816CE51AF4E4D400E709C9 /* IMHTextView.h */ = {isa = PBXFileReference; fileEncoding = 4; lastKnownFileType = sourcecode.c.h; name = IMHTextView.h; path = Views/IMHTextView.h; sourceTree = "<group>"; };
		60816CE61AF4E4D400E709C9 /* IMHTextView.m */ = {isa = PBXFileReference; fileEncoding = 4; lastKnownFileType = sourcecode.c.objc; name = IMHTextView.m; path = Views/IMHTextView.m; sourceTree = "<group>"; };
		60816CE81AF4EC0A00E709C9 /* IMHLocationTableViewCell.h */ = {isa = PBXFileReference; fileEncoding = 4; lastKnownFileType = sourcecode.c.h; name = IMHLocationTableViewCell.h; path = Views/IMHLocationTableViewCell.h; sourceTree = "<group>"; };
		60816CE91AF4EC0A00E709C9 /* IMHLocationTableViewCell.m */ = {isa = PBXFileReference; fileEncoding = 4; lastKnownFileType = sourcecode.c.objc; name = IMHLocationTableViewCell.m; path = Views/IMHLocationTableViewCell.m; sourceTree = "<group>"; };
		60816CEB1AF4F35000E709C9 /* AddressBook.framework */ = {isa = PBXFileReference; lastKnownFileType = wrapper.framework; name = AddressBook.framework; path = System/Library/Frameworks/AddressBook.framework; sourceTree = SDKROOT; };
		60816CED1AF4F3A300E709C9 /* AddressBookUI.framework */ = {isa = PBXFileReference; lastKnownFileType = wrapper.framework; name = AddressBookUI.framework; path = System/Library/Frameworks/AddressBookUI.framework; sourceTree = SDKROOT; };
		60816CEF1AF501AC00E709C9 /* IMHNoteFeedTableViewCell.h */ = {isa = PBXFileReference; fileEncoding = 4; lastKnownFileType = sourcecode.c.h; name = IMHNoteFeedTableViewCell.h; path = Views/IMHNoteFeedTableViewCell.h; sourceTree = "<group>"; };
		60816CF01AF501AC00E709C9 /* IMHNoteFeedTableViewCell.m */ = {isa = PBXFileReference; fileEncoding = 4; lastKnownFileType = sourcecode.c.objc; name = IMHNoteFeedTableViewCell.m; path = Views/IMHNoteFeedTableViewCell.m; sourceTree = "<group>"; };
		60816CF21AF503AA00E709C9 /* UITableViewCell+DynamicCellHeight.h */ = {isa = PBXFileReference; fileEncoding = 4; lastKnownFileType = sourcecode.c.h; name = "UITableViewCell+DynamicCellHeight.h"; path = "3rdParty/UITableViewCell+DynamicCellHeight.h"; sourceTree = "<group>"; };
		60816CF31AF503AA00E709C9 /* UITableViewCell+DynamicCellHeight.m */ = {isa = PBXFileReference; fileEncoding = 4; lastKnownFileType = sourcecode.c.objc; name = "UITableViewCell+DynamicCellHeight.m"; path = "3rdParty/UITableViewCell+DynamicCellHeight.m"; sourceTree = "<group>"; };
		B9CEA61E448E76B396DA06D9 /* Pods-imhere.debug.xcconfig */ = {isa = PBXFileReference; includeInIndex = 1; lastKnownFileType = text.xcconfig; name = "Pods-imhere.debug.xcconfig"; path = "Pods/Target Support Files/Pods-imhere/Pods-imhere.debug.xcconfig"; sourceTree = "<group>"; };
		BA1BF377E1CE04DF1947B165 /* libPods-imhere.a */ = {isa = PBXFileReference; explicitFileType = archive.ar; includeInIndex = 0; path = "libPods-imhere.a"; sourceTree = BUILT_PRODUCTS_DIR; };
/* End PBXFileReference section */

/* Begin PBXFrameworksBuildPhase section */
		60816C7E1AF4761B00E709C9 /* Frameworks */ = {
			isa = PBXFrameworksBuildPhase;
			buildActionMask = 2147483647;
			files = (
				60816CEE1AF4F3A300E709C9 /* AddressBookUI.framework in Frameworks */,
				60816CD71AF4C97300E709C9 /* CoreLocation.framework in Frameworks */,
				CD9563E82AE1733B06706638 /* libPods-imhere.a in Frameworks */,
			);
			runOnlyForDeploymentPostprocessing = 0;
		};
		60816C971AF4761C00E709C9 /* Frameworks */ = {
			isa = PBXFrameworksBuildPhase;
			buildActionMask = 2147483647;
			files = (
			);
			runOnlyForDeploymentPostprocessing = 0;
		};
/* End PBXFrameworksBuildPhase section */

/* Begin PBXGroup section */
		455F6E84536306A48E039616 /* Frameworks */ = {
			isa = PBXGroup;
			children = (
				60816CED1AF4F3A300E709C9 /* AddressBookUI.framework */,
				60816CEB1AF4F35000E709C9 /* AddressBook.framework */,
				60816CD61AF4C97300E709C9 /* CoreLocation.framework */,
				BA1BF377E1CE04DF1947B165 /* libPods-imhere.a */,
			);
			name = Frameworks;
			sourceTree = "<group>";
		};
		60816C781AF4761B00E709C9 = {
			isa = PBXGroup;
			children = (
				60816C831AF4761B00E709C9 /* imhere */,
				60816C9D1AF4761C00E709C9 /* imhereTests */,
				60816C821AF4761B00E709C9 /* Products */,
				8EF102EC692A6E422D1D1301 /* Pods */,
				455F6E84536306A48E039616 /* Frameworks */,
			);
			sourceTree = "<group>";
		};
		60816C821AF4761B00E709C9 /* Products */ = {
			isa = PBXGroup;
			children = (
				60816C811AF4761B00E709C9 /* imhere.app */,
				60816C9A1AF4761C00E709C9 /* imhereTests.xctest */,
			);
			name = Products;
			sourceTree = "<group>";
		};
		60816C831AF4761B00E709C9 /* imhere */ = {
			isa = PBXGroup;
			children = (
				60816CDB1AF4D0FF00E709C9 /* 3rdParty */,
				60816CAA1AF4798700E709C9 /* Managers */,
				60816CAF1AF483A600E709C9 /* Models */,
				60816CBF1AF499B200E709C9 /* Views */,
				60816CAE1AF47C5900E709C9 /* ViewControllers */,
				60816C881AF4761B00E709C9 /* AppDelegate.h */,
				60816C891AF4761B00E709C9 /* AppDelegate.m */,
				60816C8B1AF4761B00E709C9 /* ViewController.h */,
				60816C8C1AF4761B00E709C9 /* ViewController.m */,
				60816CC61AF4A2C100E709C9 /* IMHConstants.h */,
				60816C8E1AF4761B00E709C9 /* Main.storyboard */,
				60816C911AF4761B00E709C9 /* Images.xcassets */,
				60816C931AF4761B00E709C9 /* LaunchScreen.xib */,
				60816C841AF4761B00E709C9 /* Supporting Files */,
			);
			path = imhere;
			sourceTree = "<group>";
		};
		60816C841AF4761B00E709C9 /* Supporting Files */ = {
			isa = PBXGroup;
			children = (
				60816C851AF4761B00E709C9 /* Info.plist */,
				60816C861AF4761B00E709C9 /* main.m */,
			);
			name = "Supporting Files";
			sourceTree = "<group>";
		};
		60816C9D1AF4761C00E709C9 /* imhereTests */ = {
			isa = PBXGroup;
			children = (
				60816CA01AF4761C00E709C9 /* imhereTests.m */,
				60816C9E1AF4761C00E709C9 /* Supporting Files */,
			);
			path = imhereTests;
			sourceTree = "<group>";
		};
		60816C9E1AF4761C00E709C9 /* Supporting Files */ = {
			isa = PBXGroup;
			children = (
				60816C9F1AF4761C00E709C9 /* Info.plist */,
			);
			name = "Supporting Files";
			sourceTree = "<group>";
		};
		60816CAA1AF4798700E709C9 /* Managers */ = {
			isa = PBXGroup;
			children = (
				60816CDF1AF4D33C00E709C9 /* IMHUserDefaultsManager.h */,
				60816CE01AF4D33C00E709C9 /* IMHUserDefaultsManager.m */,
				60816CAB1AF47B4A00E709C9 /* IMHLocationManager.h */,
				60816CAC1AF47B4A00E709C9 /* IMHLocationManager.m */,
				60816CC01AF49BB700E709C9 /* IMHConnectionManager.h */,
				60816CC11AF49BB700E709C9 /* IMHConnectionManager.m */,
				60816CC71AF4B15800E709C9 /* IMHDatabaseManager.h */,
				60816CC81AF4B15800E709C9 /* IMHDatabaseManager.m */,
			);
			name = Managers;
			sourceTree = "<group>";
		};
		60816CAE1AF47C5900E709C9 /* ViewControllers */ = {
			isa = PBXGroup;
			children = (
				60816CB31AF498E600E709C9 /* IMHHomeViewController.h */,
				60816CB41AF498E600E709C9 /* IMHHomeViewController.m */,
				60816CB01AF4849D00E709C9 /* IMHSendViewController.h */,
				60816CB11AF4849D00E709C9 /* IMHSendViewController.m */,
				60816CB91AF4992A00E709C9 /* IMHLocationPickerViewController.h */,
				60816CBA1AF4992A00E709C9 /* IMHLocationPickerViewController.m */,
				60816CBC1AF499A100E709C9 /* IMHMessageViewController.h */,
				60816CBD1AF499A100E709C9 /* IMHMessageViewController.m */,
				60816CC31AF49E0900E709C9 /* IMHSettingsViewController.h */,
				60816CC41AF49E0900E709C9 /* IMHSettingsViewController.m */,
			);
			name = ViewControllers;
			sourceTree = "<group>";
		};
		60816CAF1AF483A600E709C9 /* Models */ = {
			isa = PBXGroup;
			children = (
				60816CCA1AF4BC9900E709C9 /* IMHNote.h */,
				60816CCB1AF4BC9900E709C9 /* IMHNote.m */,
				60816CCD1AF4BCAA00E709C9 /* IMHReply.h */,
				60816CCE1AF4BCAA00E709C9 /* IMHReply.m */,
				60816CD01AF4BCFE00E709C9 /* IMHFeed.h */,
				60816CD11AF4BCFE00E709C9 /* IMHFeed.m */,
				60816CD31AF4BF8A00E709C9 /* IMHLocationPing.h */,
				60816CD41AF4BF8A00E709C9 /* IMHLocationPing.m */,
				60816CD81AF4CB6B00E709C9 /* IMHLocation.h */,
				60816CD91AF4CB6B00E709C9 /* IMHLocation.m */,
			);
			name = Models;
			sourceTree = "<group>";
		};
		60816CBF1AF499B200E709C9 /* Views */ = {
			isa = PBXGroup;
			children = (
				60816CE51AF4E4D400E709C9 /* IMHTextView.h */,
				60816CE61AF4E4D400E709C9 /* IMHTextView.m */,
				60816CE21AF4E02100E709C9 /* IMHKeyboardToolbar.h */,
				60816CE31AF4E02100E709C9 /* IMHKeyboardToolbar.m */,
				60816CE81AF4EC0A00E709C9 /* IMHLocationTableViewCell.h */,
				60816CE91AF4EC0A00E709C9 /* IMHLocationTableViewCell.m */,
				60816CEF1AF501AC00E709C9 /* IMHNoteFeedTableViewCell.h */,
				60816CF01AF501AC00E709C9 /* IMHNoteFeedTableViewCell.m */,
			);
			name = Views;
			sourceTree = "<group>";
		};
		60816CDB1AF4D0FF00E709C9 /* 3rdParty */ = {
			isa = PBXGroup;
			children = (
				60816CDC1AF4D14E00E709C9 /* JSONValueTransformer+IMHCustomDataTransformer.h */,
				60816CDD1AF4D14E00E709C9 /* JSONValueTransformer+IMHCustomDataTransformer.m */,
				60816CF21AF503AA00E709C9 /* UITableViewCell+DynamicCellHeight.h */,
				60816CF31AF503AA00E709C9 /* UITableViewCell+DynamicCellHeight.m */,
			);
			name = 3rdParty;
			sourceTree = "<group>";
		};
		8EF102EC692A6E422D1D1301 /* Pods */ = {
			isa = PBXGroup;
			children = (
				B9CEA61E448E76B396DA06D9 /* Pods-imhere.debug.xcconfig */,
				46E42CD8D4875211B2117105 /* Pods-imhere.release.xcconfig */,
			);
			name = Pods;
			sourceTree = "<group>";
		};
/* End PBXGroup section */

/* Begin PBXNativeTarget section */
		60816C801AF4761B00E709C9 /* imhere */ = {
			isa = PBXNativeTarget;
			buildConfigurationList = 60816CA41AF4761C00E709C9 /* Build configuration list for PBXNativeTarget "imhere" */;
			buildPhases = (
				315F8BA9C273AA548F3BCA3F /* Check Pods Manifest.lock */,
				60816C7D1AF4761B00E709C9 /* Sources */,
				60816C7E1AF4761B00E709C9 /* Frameworks */,
				60816C7F1AF4761B00E709C9 /* Resources */,
				07D638866053B9A70D7CDAF9 /* Copy Pods Resources */,
			);
			buildRules = (
			);
			dependencies = (
			);
			name = imhere;
			productName = imhere;
			productReference = 60816C811AF4761B00E709C9 /* imhere.app */;
			productType = "com.apple.product-type.application";
		};
		60816C991AF4761C00E709C9 /* imhereTests */ = {
			isa = PBXNativeTarget;
			buildConfigurationList = 60816CA71AF4761C00E709C9 /* Build configuration list for PBXNativeTarget "imhereTests" */;
			buildPhases = (
				60816C961AF4761C00E709C9 /* Sources */,
				60816C971AF4761C00E709C9 /* Frameworks */,
				60816C981AF4761C00E709C9 /* Resources */,
			);
			buildRules = (
			);
			dependencies = (
				60816C9C1AF4761C00E709C9 /* PBXTargetDependency */,
			);
			name = imhereTests;
			productName = imhereTests;
			productReference = 60816C9A1AF4761C00E709C9 /* imhereTests.xctest */;
			productType = "com.apple.product-type.bundle.unit-test";
		};
/* End PBXNativeTarget section */

/* Begin PBXProject section */
		60816C791AF4761B00E709C9 /* Project object */ = {
			isa = PBXProject;
			attributes = {
				LastUpgradeCheck = 0610;
				ORGANIZATIONNAME = imhere;
				TargetAttributes = {
					60816C801AF4761B00E709C9 = {
						CreatedOnToolsVersion = 6.1;
						SystemCapabilities = {
							com.apple.BackgroundModes = {
								enabled = 1;
							};
						};
					};
					60816C991AF4761C00E709C9 = {
						CreatedOnToolsVersion = 6.1;
						TestTargetID = 60816C801AF4761B00E709C9;
					};
				};
			};
			buildConfigurationList = 60816C7C1AF4761B00E709C9 /* Build configuration list for PBXProject "imhere" */;
			compatibilityVersion = "Xcode 3.2";
			developmentRegion = English;
			hasScannedForEncodings = 0;
			knownRegions = (
				en,
				Base,
			);
			mainGroup = 60816C781AF4761B00E709C9;
			productRefGroup = 60816C821AF4761B00E709C9 /* Products */;
			projectDirPath = "";
			projectRoot = "";
			targets = (
				60816C801AF4761B00E709C9 /* imhere */,
				60816C991AF4761C00E709C9 /* imhereTests */,
			);
		};
/* End PBXProject section */

/* Begin PBXResourcesBuildPhase section */
		60816C7F1AF4761B00E709C9 /* Resources */ = {
			isa = PBXResourcesBuildPhase;
			buildActionMask = 2147483647;
			files = (
				60816C901AF4761B00E709C9 /* Main.storyboard in Resources */,
				60816C951AF4761B00E709C9 /* LaunchScreen.xib in Resources */,
				60816C921AF4761B00E709C9 /* Images.xcassets in Resources */,
			);
			runOnlyForDeploymentPostprocessing = 0;
		};
		60816C981AF4761C00E709C9 /* Resources */ = {
			isa = PBXResourcesBuildPhase;
			buildActionMask = 2147483647;
			files = (
			);
			runOnlyForDeploymentPostprocessing = 0;
		};
/* End PBXResourcesBuildPhase section */

/* Begin PBXShellScriptBuildPhase section */
		07D638866053B9A70D7CDAF9 /* Copy Pods Resources */ = {
			isa = PBXShellScriptBuildPhase;
			buildActionMask = 2147483647;
			files = (
			);
			inputPaths = (
			);
			name = "Copy Pods Resources";
			outputPaths = (
			);
			runOnlyForDeploymentPostprocessing = 0;
			shellPath = /bin/sh;
			shellScript = "\"${SRCROOT}/Pods/Target Support Files/Pods-imhere/Pods-imhere-resources.sh\"\n";
			showEnvVarsInLog = 0;
		};
		315F8BA9C273AA548F3BCA3F /* Check Pods Manifest.lock */ = {
			isa = PBXShellScriptBuildPhase;
			buildActionMask = 2147483647;
			files = (
			);
			inputPaths = (
			);
			name = "Check Pods Manifest.lock";
			outputPaths = (
			);
			runOnlyForDeploymentPostprocessing = 0;
			shellPath = /bin/sh;
			shellScript = "diff \"${PODS_ROOT}/../Podfile.lock\" \"${PODS_ROOT}/Manifest.lock\" > /dev/null\nif [[ $? != 0 ]] ; then\n    cat << EOM\nerror: The sandbox is not in sync with the Podfile.lock. Run 'pod install' or update your CocoaPods installation.\nEOM\n    exit 1\nfi\n";
			showEnvVarsInLog = 0;
		};
/* End PBXShellScriptBuildPhase section */

/* Begin PBXSourcesBuildPhase section */
		60816C7D1AF4761B00E709C9 /* Sources */ = {
			isa = PBXSourcesBuildPhase;
			buildActionMask = 2147483647;
			files = (
				60816CBB1AF4992A00E709C9 /* IMHLocationPickerViewController.m in Sources */,
				60816CEA1AF4EC0A00E709C9 /* IMHLocationTableViewCell.m in Sources */,
				60816CE41AF4E02100E709C9 /* IMHKeyboardToolbar.m in Sources */,
				60816CB21AF4849D00E709C9 /* IMHSendViewController.m in Sources */,
				60816CF41AF503AA00E709C9 /* UITableViewCell+DynamicCellHeight.m in Sources */,
				60816CD21AF4BCFE00E709C9 /* IMHFeed.m in Sources */,
				60816C8D1AF4761B00E709C9 /* ViewController.m in Sources */,
				60816CCC1AF4BC9900E709C9 /* IMHNote.m in Sources */,
				60816CE71AF4E4D400E709C9 /* IMHTextView.m in Sources */,
				60816CCF1AF4BCAA00E709C9 /* IMHReply.m in Sources */,
				60816CD51AF4BF8A00E709C9 /* IMHLocationPing.m in Sources */,
				60816CF11AF501AC00E709C9 /* IMHNoteFeedTableViewCell.m in Sources */,
				60816CAD1AF47B4A00E709C9 /* IMHLocationManager.m in Sources */,
				60816C8A1AF4761B00E709C9 /* AppDelegate.m in Sources */,
				60816CDE1AF4D14E00E709C9 /* JSONValueTransformer+IMHCustomDataTransformer.m in Sources */,
				60816CB51AF498E600E709C9 /* IMHHomeViewController.m in Sources */,
				60816CE11AF4D33C00E709C9 /* IMHUserDefaultsManager.m in Sources */,
				60816CC21AF49BB700E709C9 /* IMHConnectionManager.m in Sources */,
				60816C871AF4761B00E709C9 /* main.m in Sources */,
				60816CC51AF49E0900E709C9 /* IMHSettingsViewController.m in Sources */,
				60816CBE1AF499A100E709C9 /* IMHMessageViewController.m in Sources */,
				60816CC91AF4B15800E709C9 /* IMHDatabaseManager.m in Sources */,
				60816CDA1AF4CB6B00E709C9 /* IMHLocation.m in Sources */,
			);
			runOnlyForDeploymentPostprocessing = 0;
		};
		60816C961AF4761C00E709C9 /* Sources */ = {
			isa = PBXSourcesBuildPhase;
			buildActionMask = 2147483647;
			files = (
				60816CA11AF4761C00E709C9 /* imhereTests.m in Sources */,
			);
			runOnlyForDeploymentPostprocessing = 0;
		};
/* End PBXSourcesBuildPhase section */

/* Begin PBXTargetDependency section */
		60816C9C1AF4761C00E709C9 /* PBXTargetDependency */ = {
			isa = PBXTargetDependency;
			target = 60816C801AF4761B00E709C9 /* imhere */;
			targetProxy = 60816C9B1AF4761C00E709C9 /* PBXContainerItemProxy */;
		};
/* End PBXTargetDependency section */

/* Begin PBXVariantGroup section */
		60816C8E1AF4761B00E709C9 /* Main.storyboard */ = {
			isa = PBXVariantGroup;
			children = (
				60816C8F1AF4761B00E709C9 /* Base */,
			);
			name = Main.storyboard;
			sourceTree = "<group>";
		};
		60816C931AF4761B00E709C9 /* LaunchScreen.xib */ = {
			isa = PBXVariantGroup;
			children = (
				60816C941AF4761B00E709C9 /* Base */,
			);
			name = LaunchScreen.xib;
			sourceTree = "<group>";
		};
/* End PBXVariantGroup section */

/* Begin XCBuildConfiguration section */
		60816CA21AF4761C00E709C9 /* Debug */ = {
			isa = XCBuildConfiguration;
			buildSettings = {
				ALWAYS_SEARCH_USER_PATHS = NO;
				CLANG_CXX_LANGUAGE_STANDARD = "gnu++0x";
				CLANG_CXX_LIBRARY = "libc++";
				CLANG_ENABLE_MODULES = YES;
				CLANG_ENABLE_OBJC_ARC = YES;
				CLANG_WARN_BOOL_CONVERSION = YES;
				CLANG_WARN_CONSTANT_CONVERSION = YES;
				CLANG_WARN_DIRECT_OBJC_ISA_USAGE = YES_ERROR;
				CLANG_WARN_EMPTY_BODY = YES;
				CLANG_WARN_ENUM_CONVERSION = YES;
				CLANG_WARN_INT_CONVERSION = YES;
				CLANG_WARN_OBJC_ROOT_CLASS = YES_ERROR;
				CLANG_WARN_UNREACHABLE_CODE = YES;
				CLANG_WARN__DUPLICATE_METHOD_MATCH = YES;
				"CODE_SIGN_IDENTITY[sdk=iphoneos*]" = "iPhone Developer";
				COPY_PHASE_STRIP = NO;
				ENABLE_STRICT_OBJC_MSGSEND = YES;
				GCC_C_LANGUAGE_STANDARD = gnu99;
				GCC_DYNAMIC_NO_PIC = NO;
				GCC_OPTIMIZATION_LEVEL = 0;
				GCC_PREPROCESSOR_DEFINITIONS = (
					"DEBUG=1",
					"$(inherited)",
				);
				GCC_SYMBOLS_PRIVATE_EXTERN = NO;
				GCC_WARN_64_TO_32_BIT_CONVERSION = YES;
				GCC_WARN_ABOUT_RETURN_TYPE = YES_ERROR;
				GCC_WARN_UNDECLARED_SELECTOR = YES;
				GCC_WARN_UNINITIALIZED_AUTOS = YES_AGGRESSIVE;
				GCC_WARN_UNUSED_FUNCTION = YES;
				GCC_WARN_UNUSED_VARIABLE = YES;
				IPHONEOS_DEPLOYMENT_TARGET = 8.1;
				MTL_ENABLE_DEBUG_INFO = YES;
				ONLY_ACTIVE_ARCH = YES;
				SDKROOT = iphoneos;
			};
			name = Debug;
		};
		60816CA31AF4761C00E709C9 /* Release */ = {
			isa = XCBuildConfiguration;
			buildSettings = {
				ALWAYS_SEARCH_USER_PATHS = NO;
				CLANG_CXX_LANGUAGE_STANDARD = "gnu++0x";
				CLANG_CXX_LIBRARY = "libc++";
				CLANG_ENABLE_MODULES = YES;
				CLANG_ENABLE_OBJC_ARC = YES;
				CLANG_WARN_BOOL_CONVERSION = YES;
				CLANG_WARN_CONSTANT_CONVERSION = YES;
				CLANG_WARN_DIRECT_OBJC_ISA_USAGE = YES_ERROR;
				CLANG_WARN_EMPTY_BODY = YES;
				CLANG_WARN_ENUM_CONVERSION = YES;
				CLANG_WARN_INT_CONVERSION = YES;
				CLANG_WARN_OBJC_ROOT_CLASS = YES_ERROR;
				CLANG_WARN_UNREACHABLE_CODE = YES;
				CLANG_WARN__DUPLICATE_METHOD_MATCH = YES;
				"CODE_SIGN_IDENTITY[sdk=iphoneos*]" = "iPhone Developer";
				COPY_PHASE_STRIP = YES;
				ENABLE_NS_ASSERTIONS = NO;
				ENABLE_STRICT_OBJC_MSGSEND = YES;
				GCC_C_LANGUAGE_STANDARD = gnu99;
				GCC_WARN_64_TO_32_BIT_CONVERSION = YES;
				GCC_WARN_ABOUT_RETURN_TYPE = YES_ERROR;
				GCC_WARN_UNDECLARED_SELECTOR = YES;
				GCC_WARN_UNINITIALIZED_AUTOS = YES_AGGRESSIVE;
				GCC_WARN_UNUSED_FUNCTION = YES;
				GCC_WARN_UNUSED_VARIABLE = YES;
				IPHONEOS_DEPLOYMENT_TARGET = 8.1;
				MTL_ENABLE_DEBUG_INFO = NO;
				SDKROOT = iphoneos;
				VALIDATE_PRODUCT = YES;
			};
			name = Release;
		};
		60816CA51AF4761C00E709C9 /* Debug */ = {
			isa = XCBuildConfiguration;
			baseConfigurationReference = B9CEA61E448E76B396DA06D9 /* Pods-imhere.debug.xcconfig */;
			buildSettings = {
				ASSETCATALOG_COMPILER_APPICON_NAME = AppIcon;
				INFOPLIST_FILE = imhere/Info.plist;
				IPHONEOS_DEPLOYMENT_TARGET = 8.0;
				LD_RUNPATH_SEARCH_PATHS = "$(inherited) @executable_path/Frameworks";
				PRODUCT_NAME = "$(TARGET_NAME)";
			};
			name = Debug;
		};
		60816CA61AF4761C00E709C9 /* Release */ = {
			isa = XCBuildConfiguration;
			baseConfigurationReference = 46E42CD8D4875211B2117105 /* Pods-imhere.release.xcconfig */;
			buildSettings = {
				ASSETCATALOG_COMPILER_APPICON_NAME = AppIcon;
				INFOPLIST_FILE = imhere/Info.plist;
				IPHONEOS_DEPLOYMENT_TARGET = 8.0;
				LD_RUNPATH_SEARCH_PATHS = "$(inherited) @executable_path/Frameworks";
				PRODUCT_NAME = "$(TARGET_NAME)";
			};
			name = Release;
		};
		60816CA81AF4761C00E709C9 /* Debug */ = {
			isa = XCBuildConfiguration;
			buildSettings = {
				BUNDLE_LOADER = "$(TEST_HOST)";
				FRAMEWORK_SEARCH_PATHS = (
					"$(SDKROOT)/Developer/Library/Frameworks",
					"$(inherited)",
				);
				GCC_PREPROCESSOR_DEFINITIONS = (
					"DEBUG=1",
					"$(inherited)",
				);
				INFOPLIST_FILE = imhereTests/Info.plist;
				LD_RUNPATH_SEARCH_PATHS = "$(inherited) @executable_path/Frameworks @loader_path/Frameworks";
				PRODUCT_NAME = "$(TARGET_NAME)";
				TEST_HOST = "$(BUILT_PRODUCTS_DIR)/imhere.app/imhere";
			};
			name = Debug;
		};
		60816CA91AF4761C00E709C9 /* Release */ = {
			isa = XCBuildConfiguration;
			buildSettings = {
				BUNDLE_LOADER = "$(TEST_HOST)";
				FRAMEWORK_SEARCH_PATHS = (
					"$(SDKROOT)/Developer/Library/Frameworks",
					"$(inherited)",
				);
				INFOPLIST_FILE = imhereTests/Info.plist;
				LD_RUNPATH_SEARCH_PATHS = "$(inherited) @executable_path/Frameworks @loader_path/Frameworks";
				PRODUCT_NAME = "$(TARGET_NAME)";
				TEST_HOST = "$(BUILT_PRODUCTS_DIR)/imhere.app/imhere";
			};
			name = Release;
		};
/* End XCBuildConfiguration section */

/* Begin XCConfigurationList section */
		60816C7C1AF4761B00E709C9 /* Build configuration list for PBXProject "imhere" */ = {
			isa = XCConfigurationList;
			buildConfigurations = (
				60816CA21AF4761C00E709C9 /* Debug */,
				60816CA31AF4761C00E709C9 /* Release */,
			);
			defaultConfigurationIsVisible = 0;
			defaultConfigurationName = Release;
		};
		60816CA41AF4761C00E709C9 /* Build configuration list for PBXNativeTarget "imhere" */ = {
			isa = XCConfigurationList;
			buildConfigurations = (
				60816CA51AF4761C00E709C9 /* Debug */,
				60816CA61AF4761C00E709C9 /* Release */,
			);
			defaultConfigurationIsVisible = 0;
			defaultConfigurationName = Release;
		};
		60816CA71AF4761C00E709C9 /* Build configuration list for PBXNativeTarget "imhereTests" */ = {
			isa = XCConfigurationList;
			buildConfigurations = (
				60816CA81AF4761C00E709C9 /* Debug */,
				60816CA91AF4761C00E709C9 /* Release */,
			);
			defaultConfigurationIsVisible = 0;
			defaultConfigurationName = Release;
		};
/* End XCConfigurationList section */
	};
	rootObject = 60816C791AF4761B00E709C9 /* Project object */;
}
